
Microsoft Visual Studio Solution File, Format Version 12.00
# Visual Studio Version 17
VisualStudioVersion = 17.4.33213.308
MinimumVisualStudioVersion = 10.0.40219.1
Project("{FAE04EC0-301F-11D3-BF4B-00C04F79EFBC}") = "MvcPersonajesDDB", "MvcPersonajesDDB\MvcPersonajesDDB.csproj", "{46EBED3C-1237-43AF-8A43-E8B013DF1F4E}"
EndProject
Global
	GlobalSection(SolutionConfigurationPlatforms) = preSolution
		Debug|Any CPU = Debug|Any CPU
		Release|Any CPU = Release|Any CPU
	EndGlobalSection
	GlobalSection(ProjectConfigurationPlatforms) = postSolution
		{46EBED3C-1237-43AF-8A43-E8B013DF1F4E}.Debug|Any CPU.ActiveCfg = Debug|Any CPU
		{46EBED3C-1237-43AF-8A43-E8B013DF1F4E}.Debug|Any CPU.Build.0 = Debug|Any CPU
		{46EBED3C-1237-43AF-8A43-E8B013DF1F4E}.Release|Any CPU.ActiveCfg = Release|Any CPU
		{46EBED3C-1237-43AF-8A43-E8B013DF1F4E}.Release|Any CPU.Build.0 = Release|Any CPU
	EndGlobalSection
	GlobalSection(SolutionProperties) = preSolution
		HideSolutionNode = FALSE
	EndGlobalSection
	GlobalSection(ExtensibilityGlobals) = postSolution
		SolutionGuid = {C7BB848B-D3BC-43AA-8F68-00081B10B833}
	EndGlobalSection
EndGlobal
